// !$*UTF8*$!
{
	archiveVersion = 1;
	classes = {
	};
	objectVersion = 56;
	objects = {

/* Begin PBXBuildFile section */
		3574FBAC295D398900B34C2F /* TransactionListViewModel.swift in Sources */ = {isa = PBXBuildFile; fileRef = 3574FBAB295D398900B34C2F /* TransactionListViewModel.swift */; };
		3574FBAE295D413000B34C2F /* RecentTransactionList.swift in Sources */ = {isa = PBXBuildFile; fileRef = 3574FBAD295D413000B34C2F /* RecentTransactionList.swift */; };
		3574FBC0295D560900B34C2F /* TransactionList.swift in Sources */ = {isa = PBXBuildFile; fileRef = 3574FBBF295D560900B34C2F /* TransactionList.swift */; };
		3574FBC3295D5C8D00B34C2F /* Collections in Frameworks */ = {isa = PBXBuildFile; productRef = 3574FBC2295D5C8D00B34C2F /* Collections */; };
		3574FBCE295D5E0600B34C2F /* SwiftUICharts in Frameworks */ = {isa = PBXBuildFile; productRef = 3574FBCD295D5E0600B34C2F /* SwiftUICharts */; };
		3592779A295C91B5002DC90E /* ExpenseTrackerApp.swift in Sources */ = {isa = PBXBuildFile; fileRef = 35927799295C91B5002DC90E /* ExpenseTrackerApp.swift */; };
		3592779C295C91B5002DC90E /* ContentView.swift in Sources */ = {isa = PBXBuildFile; fileRef = 3592779B295C91B5002DC90E /* ContentView.swift */; };
		3592779E295C91BA002DC90E /* Assets.xcassets in Resources */ = {isa = PBXBuildFile; fileRef = 3592779D295C91BA002DC90E /* Assets.xcassets */; };
		359277A1295C91BA002DC90E /* Preview Assets.xcassets in Resources */ = {isa = PBXBuildFile; fileRef = 359277A0295C91BA002DC90E /* Preview Assets.xcassets */; };
		359277AB295C91BA002DC90E /* ExpenseTrackerTests.swift in Sources */ = {isa = PBXBuildFile; fileRef = 359277AA295C91BA002DC90E /* ExpenseTrackerTests.swift */; };
		359277B5295C91BA002DC90E /* ExpenseTrackerUITests.swift in Sources */ = {isa = PBXBuildFile; fileRef = 359277B4295C91BA002DC90E /* ExpenseTrackerUITests.swift */; };
		359277B7295C91BA002DC90E /* ExpenseTrackerUITestsLaunchTests.swift in Sources */ = {isa = PBXBuildFile; fileRef = 359277B6295C91BA002DC90E /* ExpenseTrackerUITestsLaunchTests.swift */; };
		359277C4295C97FD002DC90E /* Extensions.swift in Sources */ = {isa = PBXBuildFile; fileRef = 359277C3295C97FD002DC90E /* Extensions.swift */; };
		359277C6295C9F19002DC90E /* TransactionModel.swift in Sources */ = {isa = PBXBuildFile; fileRef = 359277C5295C9F19002DC90E /* TransactionModel.swift */; };
		359277C8295C9FC0002DC90E /* PreviewData.swift in Sources */ = {isa = PBXBuildFile; fileRef = 359277C7295C9FC0002DC90E /* PreviewData.swift */; };
		359277CA295CA05B002DC90E /* TransactionRow.swift in Sources */ = {isa = PBXBuildFile; fileRef = 359277C9295CA05B002DC90E /* TransactionRow.swift */; };
		359277D4295D36BB002DC90E /* SwiftUIFontIcon in Frameworks */ = {isa = PBXBuildFile; productRef = 359277D3295D36BB002DC90E /* SwiftUIFontIcon */; };
/* End PBXBuildFile section */

/* Begin PBXContainerItemProxy section */
		359277A7295C91BA002DC90E /* PBXContainerItemProxy */ = {
			isa = PBXContainerItemProxy;
			containerPortal = 3592778E295C91B5002DC90E /* Project object */;
			proxyType = 1;
			remoteGlobalIDString = 35927795295C91B5002DC90E;
			remoteInfo = ExpenseTracker;
		};
		359277B1295C91BA002DC90E /* PBXContainerItemProxy */ = {
			isa = PBXContainerItemProxy;
			containerPortal = 3592778E295C91B5002DC90E /* Project object */;
			proxyType = 1;
			remoteGlobalIDString = 35927795295C91B5002DC90E;
			remoteInfo = ExpenseTracker;
		};
/* End PBXContainerItemProxy section */

/* Begin PBXFileReference section */
		3574FBAB295D398900B34C2F /* TransactionListViewModel.swift */ = {isa = PBXFileReference; lastKnownFileType = sourcecode.swift; path = TransactionListViewModel.swift; sourceTree = "<group>"; };
		3574FBAD295D413000B34C2F /* RecentTransactionList.swift */ = {isa = PBXFileReference; lastKnownFileType = sourcecode.swift; path = RecentTransactionList.swift; sourceTree = "<group>"; };
		3574FBBF295D560900B34C2F /* TransactionList.swift */ = {isa = PBXFileReference; lastKnownFileType = sourcecode.swift; path = TransactionList.swift; sourceTree = "<group>"; };
		35927796295C91B5002DC90E /* ExpenseTracker.app */ = {isa = PBXFileReference; explicitFileType = wrapper.application; includeInIndex = 0; path = ExpenseTracker.app; sourceTree = BUILT_PRODUCTS_DIR; };
		35927799295C91B5002DC90E /* ExpenseTrackerApp.swift */ = {isa = PBXFileReference; lastKnownFileType = sourcecode.swift; path = ExpenseTrackerApp.swift; sourceTree = "<group>"; };
		3592779B295C91B5002DC90E /* ContentView.swift */ = {isa = PBXFileReference; lastKnownFileType = sourcecode.swift; path = ContentView.swift; sourceTree = "<group>"; };
		3592779D295C91BA002DC90E /* Assets.xcassets */ = {isa = PBXFileReference; lastKnownFileType = folder.assetcatalog; path = Assets.xcassets; sourceTree = "<group>"; };
		359277A0295C91BA002DC90E /* Preview Assets.xcassets */ = {isa = PBXFileReference; lastKnownFileType = folder.assetcatalog; path = "Preview Assets.xcassets"; sourceTree = "<group>"; };
		359277A6295C91BA002DC90E /* ExpenseTrackerTests.xctest */ = {isa = PBXFileReference; explicitFileType = wrapper.cfbundle; includeInIndex = 0; path = ExpenseTrackerTests.xctest; sourceTree = BUILT_PRODUCTS_DIR; };
		359277AA295C91BA002DC90E /* ExpenseTrackerTests.swift */ = {isa = PBXFileReference; lastKnownFileType = sourcecode.swift; path = ExpenseTrackerTests.swift; sourceTree = "<group>"; };
		359277B0295C91BA002DC90E /* ExpenseTrackerUITests.xctest */ = {isa = PBXFileReference; explicitFileType = wrapper.cfbundle; includeInIndex = 0; path = ExpenseTrackerUITests.xctest; sourceTree = BUILT_PRODUCTS_DIR; };
		359277B4295C91BA002DC90E /* ExpenseTrackerUITests.swift */ = {isa = PBXFileReference; lastKnownFileType = sourcecode.swift; path = ExpenseTrackerUITests.swift; sourceTree = "<group>"; };
		359277B6295C91BA002DC90E /* ExpenseTrackerUITestsLaunchTests.swift */ = {isa = PBXFileReference; lastKnownFileType = sourcecode.swift; path = ExpenseTrackerUITestsLaunchTests.swift; sourceTree = "<group>"; };
		359277C3295C97FD002DC90E /* Extensions.swift */ = {isa = PBXFileReference; lastKnownFileType = sourcecode.swift; path = Extensions.swift; sourceTree = "<group>"; };
		359277C5295C9F19002DC90E /* TransactionModel.swift */ = {isa = PBXFileReference; lastKnownFileType = sourcecode.swift; path = TransactionModel.swift; sourceTree = "<group>"; };
		359277C7295C9FC0002DC90E /* PreviewData.swift */ = {isa = PBXFileReference; lastKnownFileType = sourcecode.swift; path = PreviewData.swift; sourceTree = "<group>"; };
		359277C9295CA05B002DC90E /* TransactionRow.swift */ = {isa = PBXFileReference; lastKnownFileType = sourcecode.swift; path = TransactionRow.swift; sourceTree = "<group>"; };
/* End PBXFileReference section */

/* Begin PBXFrameworksBuildPhase section */
		35927793295C91B5002DC90E /* Frameworks */ = {
			isa = PBXFrameworksBuildPhase;
			buildActionMask = 2147483647;
			files = (
				3574FBCE295D5E0600B34C2F /* SwiftUICharts in Frameworks */,
				3574FBC3295D5C8D00B34C2F /* Collections in Frameworks */,
				359277D4295D36BB002DC90E /* SwiftUIFontIcon in Frameworks */,
			);
			runOnlyForDeploymentPostprocessing = 0;
		};
		359277A3295C91BA002DC90E /* Frameworks */ = {
			isa = PBXFrameworksBuildPhase;
			buildActionMask = 2147483647;
			files = (
			);
			runOnlyForDeploymentPostprocessing = 0;
		};
		359277AD295C91BA002DC90E /* Frameworks */ = {
			isa = PBXFrameworksBuildPhase;
			buildActionMask = 2147483647;
			files = (
			);
			runOnlyForDeploymentPostprocessing = 0;
		};
/* End PBXFrameworksBuildPhase section */

/* Begin PBXGroup section */
		3592778D295C91B5002DC90E = {
			isa = PBXGroup;
			children = (
				35927798295C91B5002DC90E /* ExpenseTracker */,
				359277A9295C91BA002DC90E /* ExpenseTrackerTests */,
				359277B3295C91BA002DC90E /* ExpenseTrackerUITests */,
				35927797295C91B5002DC90E /* Products */,
			);
			sourceTree = "<group>";
		};
		35927797295C91B5002DC90E /* Products */ = {
			isa = PBXGroup;
			children = (
				35927796295C91B5002DC90E /* ExpenseTracker.app */,
				359277A6295C91BA002DC90E /* ExpenseTrackerTests.xctest */,
				359277B0295C91BA002DC90E /* ExpenseTrackerUITests.xctest */,
			);
			name = Products;
			sourceTree = "<group>";
		};
		35927798295C91B5002DC90E /* ExpenseTracker */ = {
			isa = PBXGroup;
			children = (
				35927799295C91B5002DC90E /* ExpenseTrackerApp.swift */,
				3592779B295C91B5002DC90E /* ContentView.swift */,
				3592779D295C91BA002DC90E /* Assets.xcassets */,
				3592779F295C91BA002DC90E /* Preview Content */,
				359277C3295C97FD002DC90E /* Extensions.swift */,
				359277C5295C9F19002DC90E /* TransactionModel.swift */,
				359277C9295CA05B002DC90E /* TransactionRow.swift */,
				3574FBAB295D398900B34C2F /* TransactionListViewModel.swift */,
				3574FBAD295D413000B34C2F /* RecentTransactionList.swift */,
				3574FBBF295D560900B34C2F /* TransactionList.swift */,
			);
			path = ExpenseTracker;
			sourceTree = "<group>";
		};
		3592779F295C91BA002DC90E /* Preview Content */ = {
			isa = PBXGroup;
			children = (
				359277A0295C91BA002DC90E /* Preview Assets.xcassets */,
				359277C7295C9FC0002DC90E /* PreviewData.swift */,
			);
			path = "Preview Content";
			sourceTree = "<group>";
		};
		359277A9295C91BA002DC90E /* ExpenseTrackerTests */ = {
			isa = PBXGroup;
			children = (
				359277AA295C91BA002DC90E /* ExpenseTrackerTests.swift */,
			);
			path = ExpenseTrackerTests;
			sourceTree = "<group>";
		};
		359277B3295C91BA002DC90E /* ExpenseTrackerUITests */ = {
			isa = PBXGroup;
			children = (
				359277B4295C91BA002DC90E /* ExpenseTrackerUITests.swift */,
				359277B6295C91BA002DC90E /* ExpenseTrackerUITestsLaunchTests.swift */,
			);
			path = ExpenseTrackerUITests;
			sourceTree = "<group>";
		};
/* End PBXGroup section */

/* Begin PBXNativeTarget section */
		35927795295C91B5002DC90E /* ExpenseTracker */ = {
			isa = PBXNativeTarget;
			buildConfigurationList = 359277BA295C91BA002DC90E /* Build configuration list for PBXNativeTarget "ExpenseTracker" */;
			buildPhases = (
				35927792295C91B5002DC90E /* Sources */,
				35927793295C91B5002DC90E /* Frameworks */,
				35927794295C91B5002DC90E /* Resources */,
			);
			buildRules = (
			);
			dependencies = (
			);
			name = ExpenseTracker;
			packageProductDependencies = (
				359277D3295D36BB002DC90E /* SwiftUIFontIcon */,
				3574FBC2295D5C8D00B34C2F /* Collections */,
				3574FBCD295D5E0600B34C2F /* SwiftUICharts */,
			);
			productName = ExpenseTracker;
			productReference = 35927796295C91B5002DC90E /* ExpenseTracker.app */;
			productType = "com.apple.product-type.application";
		};
		359277A5295C91BA002DC90E /* ExpenseTrackerTests */ = {
			isa = PBXNativeTarget;
			buildConfigurationList = 359277BD295C91BA002DC90E /* Build configuration list for PBXNativeTarget "ExpenseTrackerTests" */;
			buildPhases = (
				359277A2295C91BA002DC90E /* Sources */,
				359277A3295C91BA002DC90E /* Frameworks */,
				359277A4295C91BA002DC90E /* Resources */,
			);
			buildRules = (
			);
			dependencies = (
				359277A8295C91BA002DC90E /* PBXTargetDependency */,
			);
			name = ExpenseTrackerTests;
			productName = ExpenseTrackerTests;
			productReference = 359277A6295C91BA002DC90E /* ExpenseTrackerTests.xctest */;
			productType = "com.apple.product-type.bundle.unit-test";
		};
		359277AF295C91BA002DC90E /* ExpenseTrackerUITests */ = {
			isa = PBXNativeTarget;
			buildConfigurationList = 359277C0295C91BA002DC90E /* Build configuration list for PBXNativeTarget "ExpenseTrackerUITests" */;
			buildPhases = (
				359277AC295C91BA002DC90E /* Sources */,
				359277AD295C91BA002DC90E /* Frameworks */,
				359277AE295C91BA002DC90E /* Resources */,
			);
			buildRules = (
			);
			dependencies = (
				359277B2295C91BA002DC90E /* PBXTargetDependency */,
			);
			name = ExpenseTrackerUITests;
			productName = ExpenseTrackerUITests;
			productReference = 359277B0295C91BA002DC90E /* ExpenseTrackerUITests.xctest */;
			productType = "com.apple.product-type.bundle.ui-testing";
		};
/* End PBXNativeTarget section */

/* Begin PBXProject section */
		3592778E295C91B5002DC90E /* Project object */ = {
			isa = PBXProject;
			attributes = {
				BuildIndependentTargetsInParallel = 1;
				LastSwiftUpdateCheck = 1410;
				LastUpgradeCheck = 1410;
				TargetAttributes = {
					35927795295C91B5002DC90E = {
						CreatedOnToolsVersion = 14.1;
					};
					359277A5295C91BA002DC90E = {
						CreatedOnToolsVersion = 14.1;
						TestTargetID = 35927795295C91B5002DC90E;
					};
					359277AF295C91BA002DC90E = {
						CreatedOnToolsVersion = 14.1;
						TestTargetID = 35927795295C91B5002DC90E;
					};
				};
			};
			buildConfigurationList = 35927791295C91B5002DC90E /* Build configuration list for PBXProject "ExpenseTracker" */;
			compatibilityVersion = "Xcode 14.0";
			developmentRegion = en;
			hasScannedForEncodings = 0;
			knownRegions = (
				en,
				Base,
			);
			mainGroup = 3592778D295C91B5002DC90E;
			packageReferences = (
				359277D2295D36BB002DC90E /* XCRemoteSwiftPackageReference "SwiftUIFontIcon" */,
				3574FBC1295D5C8D00B34C2F /* XCRemoteSwiftPackageReference "swift-collections" */,
				3574FBCC295D5E0600B34C2F /* XCRemoteSwiftPackageReference "ChartView" */,
			);
			productRefGroup = 35927797295C91B5002DC90E /* Products */;
			projectDirPath = "";
			projectRoot = "";
			targets = (
				35927795295C91B5002DC90E /* ExpenseTracker */,
				359277A5295C91BA002DC90E /* ExpenseTrackerTests */,
				359277AF295C91BA002DC90E /* ExpenseTrackerUITests */,
			);
		};
/* End PBXProject section */

/* Begin PBXResourcesBuildPhase section */
		35927794295C91B5002DC90E /* Resources */ = {
			isa = PBXResourcesBuildPhase;
			buildActionMask = 2147483647;
			files = (
				359277A1295C91BA002DC90E /* Preview Assets.xcassets in Resources */,
				3592779E295C91BA002DC90E /* Assets.xcassets in Resources */,
			);
			runOnlyForDeploymentPostprocessing = 0;
		};
		359277A4295C91BA002DC90E /* Resources */ = {
			isa = PBXResourcesBuildPhase;
			buildActionMask = 2147483647;
			files = (
			);
			runOnlyForDeploymentPostprocessing = 0;
		};
		359277AE295C91BA002DC90E /* Resources */ = {
			isa = PBXResourcesBuildPhase;
			buildActionMask = 2147483647;
			files = (
			);
			runOnlyForDeploymentPostprocessing = 0;
		};
/* End PBXResourcesBuildPhase section */

/* Begin PBXSourcesBuildPhase section */
		35927792295C91B5002DC90E /* Sources */ = {
			isa = PBXSourcesBuildPhase;
			buildActionMask = 2147483647;
			files = (
				359277C8295C9FC0002DC90E /* PreviewData.swift in Sources */,
				3574FBC0295D560900B34C2F /* TransactionList.swift in Sources */,
				3574FBAE295D413000B34C2F /* RecentTransactionList.swift in Sources */,
				359277C6295C9F19002DC90E /* TransactionModel.swift in Sources */,
				3592779C295C91B5002DC90E /* ContentView.swift in Sources */,
				359277CA295CA05B002DC90E /* TransactionRow.swift in Sources */,
				359277C4295C97FD002DC90E /* Extensions.swift in Sources */,
				3574FBAC295D398900B34C2F /* TransactionListViewModel.swift in Sources */,
				3592779A295C91B5002DC90E /* ExpenseTrackerApp.swift in Sources */,
			);
			runOnlyForDeploymentPostprocessing = 0;
		};
		359277A2295C91BA002DC90E /* Sources */ = {
			isa = PBXSourcesBuildPhase;
			buildActionMask = 2147483647;
			files = (
				359277AB295C91BA002DC90E /* ExpenseTrackerTests.swift in Sources */,
			);
			runOnlyForDeploymentPostprocessing = 0;
		};
		359277AC295C91BA002DC90E /* Sources */ = {
			isa = PBXSourcesBuildPhase;
			buildActionMask = 2147483647;
			files = (
				359277B7295C91BA002DC90E /* ExpenseTrackerUITestsLaunchTests.swift in Sources */,
				359277B5295C91BA002DC90E /* ExpenseTrackerUITests.swift in Sources */,
			);
			runOnlyForDeploymentPostprocessing = 0;
		};
/* End PBXSourcesBuildPhase section */

/* Begin PBXTargetDependency section */
		359277A8295C91BA002DC90E /* PBXTargetDependency */ = {
			isa = PBXTargetDependency;
			target = 35927795295C91B5002DC90E /* ExpenseTracker */;
			targetProxy = 359277A7295C91BA002DC90E /* PBXContainerItemProxy */;
		};
		359277B2295C91BA002DC90E /* PBXTargetDependency */ = {
			isa = PBXTargetDependency;
			target = 35927795295C91B5002DC90E /* ExpenseTracker */;
			targetProxy = 359277B1295C91BA002DC90E /* PBXContainerItemProxy */;
		};
/* End PBXTargetDependency section */

/* Begin XCBuildConfiguration section */
		359277B8295C91BA002DC90E /* Debug */ = {
			isa = XCBuildConfiguration;
			buildSettings = {
				ALWAYS_SEARCH_USER_PATHS = NO;
				CLANG_ANALYZER_NONNULL = YES;
				CLANG_ANALYZER_NUMBER_OBJECT_CONVERSION = YES_AGGRESSIVE;
				CLANG_CXX_LANGUAGE_STANDARD = "gnu++20";
				CLANG_ENABLE_MODULES = YES;
				CLANG_ENABLE_OBJC_ARC = YES;
				CLANG_ENABLE_OBJC_WEAK = YES;
				CLANG_WARN_BLOCK_CAPTURE_AUTORELEASING = YES;
				CLANG_WARN_BOOL_CONVERSION = YES;
				CLANG_WARN_COMMA = YES;
				CLANG_WARN_CONSTANT_CONVERSION = YES;
				CLANG_WARN_DEPRECATED_OBJC_IMPLEMENTATIONS = YES;
				CLANG_WARN_DIRECT_OBJC_ISA_USAGE = YES_ERROR;
				CLANG_WARN_DOCUMENTATION_COMMENTS = YES;
				CLANG_WARN_EMPTY_BODY = YES;
				CLANG_WARN_ENUM_CONVERSION = YES;
				CLANG_WARN_INFINITE_RECURSION = YES;
				CLANG_WARN_INT_CONVERSION = YES;
				CLANG_WARN_NON_LITERAL_NULL_CONVERSION = YES;
				CLANG_WARN_OBJC_IMPLICIT_RETAIN_SELF = YES;
				CLANG_WARN_OBJC_LITERAL_CONVERSION = YES;
				CLANG_WARN_OBJC_ROOT_CLASS = YES_ERROR;
				CLANG_WARN_QUOTED_INCLUDE_IN_FRAMEWORK_HEADER = YES;
				CLANG_WARN_RANGE_LOOP_ANALYSIS = YES;
				CLANG_WARN_STRICT_PROTOTYPES = YES;
				CLANG_WARN_SUSPICIOUS_MOVE = YES;
				CLANG_WARN_UNGUARDED_AVAILABILITY = YES_AGGRESSIVE;
				CLANG_WARN_UNREACHABLE_CODE = YES;
				CLANG_WARN__DUPLICATE_METHOD_MATCH = YES;
				COPY_PHASE_STRIP = NO;
				DEBUG_INFORMATION_FORMAT = dwarf;
				ENABLE_STRICT_OBJC_MSGSEND = YES;
				ENABLE_TESTABILITY = YES;
				GCC_C_LANGUAGE_STANDARD = gnu11;
				GCC_DYNAMIC_NO_PIC = NO;
				GCC_NO_COMMON_BLOCKS = YES;
				GCC_OPTIMIZATION_LEVEL = 0;
				GCC_PREPROCESSOR_DEFINITIONS = (
					"DEBUG=1",
					"$(inherited)",
				);
				GCC_WARN_64_TO_32_BIT_CONVERSION = YES;
				GCC_WARN_ABOUT_RETURN_TYPE = YES_ERROR;
				GCC_WARN_UNDECLARED_SELECTOR = YES;
				GCC_WARN_UNINITIALIZED_AUTOS = YES_AGGRESSIVE;
				GCC_WARN_UNUSED_FUNCTION = YES;
				GCC_WARN_UNUSED_VARIABLE = YES;
				IPHONEOS_DEPLOYMENT_TARGET = 16.1;
				MTL_ENABLE_DEBUG_INFO = INCLUDE_SOURCE;
				MTL_FAST_MATH = YES;
				ONLY_ACTIVE_ARCH = YES;
				SDKROOT = iphoneos;
				SWIFT_ACTIVE_COMPILATION_CONDITIONS = DEBUG;
				SWIFT_OPTIMIZATION_LEVEL = "-Onone";
			};
			name = Debug;
		};
		359277B9295C91BA002DC90E /* Release */ = {
			isa = XCBuildConfiguration;
			buildSettings = {
				ALWAYS_SEARCH_USER_PATHS = NO;
				CLANG_ANALYZER_NONNULL = YES;
				CLANG_ANALYZER_NUMBER_OBJECT_CONVERSION = YES_AGGRESSIVE;
				CLANG_CXX_LANGUAGE_STANDARD = "gnu++20";
				CLANG_ENABLE_MODULES = YES;
				CLANG_ENABLE_OBJC_ARC = YES;
				CLANG_ENABLE_OBJC_WEAK = YES;
				CLANG_WARN_BLOCK_CAPTURE_AUTORELEASING = YES;
				CLANG_WARN_BOOL_CONVERSION = YES;
				CLANG_WARN_COMMA = YES;
				CLANG_WARN_CONSTANT_CONVERSION = YES;
				CLANG_WARN_DEPRECATED_OBJC_IMPLEMENTATIONS = YES;
				CLANG_WARN_DIRECT_OBJC_ISA_USAGE = YES_ERROR;
				CLANG_WARN_DOCUMENTATION_COMMENTS = YES;
				CLANG_WARN_EMPTY_BODY = YES;
				CLANG_WARN_ENUM_CONVERSION = YES;
				CLANG_WARN_INFINITE_RECURSION = YES;
				CLANG_WARN_INT_CONVERSION = YES;
				CLANG_WARN_NON_LITERAL_NULL_CONVERSION = YES;
				CLANG_WARN_OBJC_IMPLICIT_RETAIN_SELF = YES;
				CLANG_WARN_OBJC_LITERAL_CONVERSION = YES;
				CLANG_WARN_OBJC_ROOT_CLASS = YES_ERROR;
				CLANG_WARN_QUOTED_INCLUDE_IN_FRAMEWORK_HEADER = YES;
				CLANG_WARN_RANGE_LOOP_ANALYSIS = YES;
				CLANG_WARN_STRICT_PROTOTYPES = YES;
				CLANG_WARN_SUSPICIOUS_MOVE = YES;
				CLANG_WARN_UNGUARDED_AVAILABILITY = YES_AGGRESSIVE;
				CLANG_WARN_UNREACHABLE_CODE = YES;
				CLANG_WARN__DUPLICATE_METHOD_MATCH = YES;
				COPY_PHASE_STRIP = NO;
				DEBUG_INFORMATION_FORMAT = "dwarf-with-dsym";
				ENABLE_NS_ASSERTIONS = NO;
				ENABLE_STRICT_OBJC_MSGSEND = YES;
				GCC_C_LANGUAGE_STANDARD = gnu11;
				GCC_NO_COMMON_BLOCKS = YES;
				GCC_WARN_64_TO_32_BIT_CONVERSION = YES;
				GCC_WARN_ABOUT_RETURN_TYPE = YES_ERROR;
				GCC_WARN_UNDECLARED_SELECTOR = YES;
				GCC_WARN_UNINITIALIZED_AUTOS = YES_AGGRESSIVE;
				GCC_WARN_UNUSED_FUNCTION = YES;
				GCC_WARN_UNUSED_VARIABLE = YES;
				IPHONEOS_DEPLOYMENT_TARGET = 16.1;
				MTL_ENABLE_DEBUG_INFO = NO;
				MTL_FAST_MATH = YES;
				SDKROOT = iphoneos;
				SWIFT_COMPILATION_MODE = wholemodule;
				SWIFT_OPTIMIZATION_LEVEL = "-O";
				VALIDATE_PRODUCT = YES;
			};
			name = Release;
		};
		359277BB295C91BA002DC90E /* Debug */ = {
			isa = XCBuildConfiguration;
			buildSettings = {
				ASSETCATALOG_COMPILER_APPICON_NAME = AppIcon;
				ASSETCATALOG_COMPILER_GLOBAL_ACCENT_COLOR_NAME = AccentColor;
				CODE_SIGN_STYLE = Automatic;
				CURRENT_PROJECT_VERSION = 1;
				DEVELOPMENT_ASSET_PATHS = "\"ExpenseTracker/Preview Content\"";
				DEVELOPMENT_TEAM = KG284H47PH;
				ENABLE_PREVIEWS = YES;
				GENERATE_INFOPLIST_FILE = YES;
				INFOPLIST_KEY_UIApplicationSceneManifest_Generation = YES;
				INFOPLIST_KEY_UIApplicationSupportsIndirectInputEvents = YES;
				INFOPLIST_KEY_UILaunchScreen_Generation = YES;
				INFOPLIST_KEY_UISupportedInterfaceOrientations_iPad = "UIInterfaceOrientationPortrait UIInterfaceOrientationPortraitUpsideDown UIInterfaceOrientationLandscapeLeft UIInterfaceOrientationLandscapeRight";
				INFOPLIST_KEY_UISupportedInterfaceOrientations_iPhone = "UIInterfaceOrientationPortrait UIInterfaceOrientationLandscapeLeft UIInterfaceOrientationLandscapeRight";
				LD_RUNPATH_SEARCH_PATHS = (
					"$(inherited)",
					"@executable_path/Frameworks",
				);
				MARKETING_VERSION = 1.0;
				PRODUCT_BUNDLE_IDENTIFIER = xyz.whuangz.ExpenseTracker;
				PRODUCT_NAME = "$(TARGET_NAME)";
				SWIFT_EMIT_LOC_STRINGS = YES;
				SWIFT_VERSION = 5.0;
				TARGETED_DEVICE_FAMILY = "1,2";
			};
			name = Debug;
		};
		359277BC295C91BA002DC90E /* Release */ = {
			isa = XCBuildConfiguration;
			buildSettings = {
				ASSETCATALOG_COMPILER_APPICON_NAME = AppIcon;
				ASSETCATALOG_COMPILER_GLOBAL_ACCENT_COLOR_NAME = AccentColor;
				CODE_SIGN_STYLE = Automatic;
				CURRENT_PROJECT_VERSION = 1;
				DEVELOPMENT_ASSET_PATHS = "\"ExpenseTracker/Preview Content\"";
				DEVELOPMENT_TEAM = KG284H47PH;
				ENABLE_PREVIEWS = YES;
				GENERATE_INFOPLIST_FILE = YES;
				INFOPLIST_KEY_UIApplicationSceneManifest_Generation = YES;
				INFOPLIST_KEY_UIApplicationSupportsIndirectInputEvents = YES;
				INFOPLIST_KEY_UILaunchScreen_Generation = YES;
				INFOPLIST_KEY_UISupportedInterfaceOrientations_iPad = "UIInterfaceOrientationPortrait UIInterfaceOrientationPortraitUpsideDown UIInterfaceOrientationLandscapeLeft UIInterfaceOrientationLandscapeRight";
				INFOPLIST_KEY_UISupportedInterfaceOrientations_iPhone = "UIInterfaceOrientationPortrait UIInterfaceOrientationLandscapeLeft UIInterfaceOrientationLandscapeRight";
				LD_RUNPATH_SEARCH_PATHS = (
					"$(inherited)",
					"@executable_path/Frameworks",
				);
				MARKETING_VERSION = 1.0;
				PRODUCT_BUNDLE_IDENTIFIER = xyz.whuangz.ExpenseTracker;
				PRODUCT_NAME = "$(TARGET_NAME)";
				SWIFT_EMIT_LOC_STRINGS = YES;
				SWIFT_VERSION = 5.0;
				TARGETED_DEVICE_FAMILY = "1,2";
			};
			name = Release;
		};
		359277BE295C91BA002DC90E /* Debug */ = {
			isa = XCBuildConfiguration;
			buildSettings = {
				ALWAYS_EMBED_SWIFT_STANDARD_LIBRARIES = YES;
				BUNDLE_LOADER = "$(TEST_HOST)";
				CODE_SIGN_STYLE = Automatic;
				CURRENT_PROJECT_VERSION = 1;
				DEVELOPMENT_TEAM = KG284H47PH;
				GENERATE_INFOPLIST_FILE = YES;
				IPHONEOS_DEPLOYMENT_TARGET = 16.1;
				MARKETING_VERSION = 1.0;
				PRODUCT_BUNDLE_IDENTIFIER = xyz.whuangz.ExpenseTrackerTests;
				PRODUCT_NAME = "$(TARGET_NAME)";
				SWIFT_EMIT_LOC_STRINGS = NO;
				SWIFT_VERSION = 5.0;
				TARGETED_DEVICE_FAMILY = "1,2";
				TEST_HOST = "$(BUILT_PRODUCTS_DIR)/ExpenseTracker.app/$(BUNDLE_EXECUTABLE_FOLDER_PATH)/ExpenseTracker";
			};
			name = Debug;
		};
		359277BF295C91BA002DC90E /* Release */ = {
			isa = XCBuildConfiguration;
			buildSettings = {
				ALWAYS_EMBED_SWIFT_STANDARD_LIBRARIES = YES;
				BUNDLE_LOADER = "$(TEST_HOST)";
				CODE_SIGN_STYLE = Automatic;
				CURRENT_PROJECT_VERSION = 1;
				DEVELOPMENT_TEAM = KG284H47PH;
				GENERATE_INFOPLIST_FILE = YES;
				IPHONEOS_DEPLOYMENT_TARGET = 16.1;
				MARKETING_VERSION = 1.0;
				PRODUCT_BUNDLE_IDENTIFIER = xyz.whuangz.ExpenseTrackerTests;
				PRODUCT_NAME = "$(TARGET_NAME)";
				SWIFT_EMIT_LOC_STRINGS = NO;
				SWIFT_VERSION = 5.0;
				TARGETED_DEVICE_FAMILY = "1,2";
				TEST_HOST = "$(BUILT_PRODUCTS_DIR)/ExpenseTracker.app/$(BUNDLE_EXECUTABLE_FOLDER_PATH)/ExpenseTracker";
			};
			name = Release;
		};
		359277C1295C91BA002DC90E /* Debug */ = {
			isa = XCBuildConfiguration;
			buildSettings = {
				ALWAYS_EMBED_SWIFT_STANDARD_LIBRARIES = YES;
				CODE_SIGN_STYLE = Automatic;
				CURRENT_PROJECT_VERSION = 1;
				DEVELOPMENT_TEAM = KG284H47PH;
				GENERATE_INFOPLIST_FILE = YES;
				MARKETING_VERSION = 1.0;
				PRODUCT_BUNDLE_IDENTIFIER = xyz.whuangz.ExpenseTrackerUITests;
				PRODUCT_NAME = "$(TARGET_NAME)";
				SWIFT_EMIT_LOC_STRINGS = NO;
				SWIFT_VERSION = 5.0;
				TARGETED_DEVICE_FAMILY = "1,2";
				TEST_TARGET_NAME = ExpenseTracker;
			};
			name = Debug;
		};
		359277C2295C91BA002DC90E /* Release */ = {
			isa = XCBuildConfiguration;
			buildSettings = {
				ALWAYS_EMBED_SWIFT_STANDARD_LIBRARIES = YES;
				CODE_SIGN_STYLE = Automatic;
				CURRENT_PROJECT_VERSION = 1;
				DEVELOPMENT_TEAM = KG284H47PH;
				GENERATE_INFOPLIST_FILE = YES;
				MARKETING_VERSION = 1.0;
				PRODUCT_BUNDLE_IDENTIFIER = xyz.whuangz.ExpenseTrackerUITests;
				PRODUCT_NAME = "$(TARGET_NAME)";
				SWIFT_EMIT_LOC_STRINGS = NO;
				SWIFT_VERSION = 5.0;
				TARGETED_DEVICE_FAMILY = "1,2";
				TEST_TARGET_NAME = ExpenseTracker;
			};
			name = Release;
		};
/* End XCBuildConfiguration section */

/* Begin XCConfigurationList section */
		35927791295C91B5002DC90E /* Build configuration list for PBXProject "ExpenseTracker" */ = {
			isa = XCConfigurationList;
			buildConfigurations = (
				359277B8295C91BA002DC90E /* Debug */,
				359277B9295C91BA002DC90E /* Release */,
			);
			defaultConfigurationIsVisible = 0;
			defaultConfigurationName = Release;
		};
		359277BA295C91BA002DC90E /* Build configuration list for PBXNativeTarget "ExpenseTracker" */ = {
			isa = XCConfigurationList;
			buildConfigurations = (
				359277BB295C91BA002DC90E /* Debug */,
				359277BC295C91BA002DC90E /* Release */,
			);
			defaultConfigurationIsVisible = 0;
			defaultConfigurationName = Release;
		};
		359277BD295C91BA002DC90E /* Build configuration list for PBXNativeTarget "ExpenseTrackerTests" */ = {
			isa = XCConfigurationList;
			buildConfigurations = (
				359277BE295C91BA002DC90E /* Debug */,
				359277BF295C91BA002DC90E /* Release */,
			);
			defaultConfigurationIsVisible = 0;
			defaultConfigurationName = Release;
		};
		359277C0295C91BA002DC90E /* Build configuration list for PBXNativeTarget "ExpenseTrackerUITests" */ = {
			isa = XCConfigurationList;
			buildConfigurations = (
				359277C1295C91BA002DC90E /* Debug */,
				359277C2295C91BA002DC90E /* Release */,
			);
			defaultConfigurationIsVisible = 0;
			defaultConfigurationName = Release;
		};
/* End XCConfigurationList section */

/* Begin XCRemoteSwiftPackageReference section */
		3574FBC1295D5C8D00B34C2F /* XCRemoteSwiftPackageReference "swift-collections" */ = {
			isa = XCRemoteSwiftPackageReference;
			repositoryURL = "https://github.com/apple/swift-collections.git";
			requirement = {
				kind = upToNextMajorVersion;
				minimumVersion = 1.0.0;
			};
		};
		3574FBCC295D5E0600B34C2F /* XCRemoteSwiftPackageReference "ChartView" */ = {
			isa = XCRemoteSwiftPackageReference;
			repositoryURL = "https://github.com/AppPear/ChartView";
			requirement = {
				kind = exactVersion;
				version = "2.0.0-beta.2";
			};
		};
		359277D2295D36BB002DC90E /* XCRemoteSwiftPackageReference "SwiftUIFontIcon" */ = {
			isa = XCRemoteSwiftPackageReference;
			repositoryURL = "https://github.com/huybuidac/SwiftUIFontIcon";
			requirement = {
				branch = master;
				kind = branch;
			};
		};
/* End XCRemoteSwiftPackageReference section */

/* Begin XCSwiftPackageProductDependency section */
		3574FBC2295D5C8D00B34C2F /* Collections */ = {
			isa = XCSwiftPackageProductDependency;
			package = 3574FBC1295D5C8D00B34C2F /* XCRemoteSwiftPackageReference "swift-collections" */;
			productName = Collections;
		};
		3574FBCD295D5E0600B34C2F /* SwiftUICharts */ = {
			isa = XCSwiftPackageProductDependency;
			package = 3574FBCC295D5E0600B34C2F /* XCRemoteSwiftPackageReference "ChartView" */;
			productName = SwiftUICharts;
		};
		359277D3295D36BB002DC90E /* SwiftUIFontIcon */ = {
			isa = XCSwiftPackageProductDependency;
			package = 359277D2295D36BB002DC90E /* XCRemoteSwiftPackageReference "SwiftUIFontIcon" */;
			productName = SwiftUIFontIcon;
		};
/* End XCSwiftPackageProductDependency section */
	};
	rootObject = 3592778E295C91B5002DC90E /* Project object */;
}
